
Microsoft Visual Studio Solution File, Format Version 12.00
# Visual Studio Version 16
VisualStudioVersion = 16.0.29001.49
MinimumVisualStudioVersion = 10.0.40219.1
Project("{9A19103F-16F7-4668-BE54-9A1E7A4F7556}") = "ECharts", "ECharts\ECharts.csproj", "{52A59573-C6FC-4D37-AC3F-64A835C740F4}"
EndProject
Global
	GlobalSection(SolutionConfigurationPlatforms) = preSolution
		Debug|Any CPU = Debug|Any CPU
		Release|Any CPU = Release|Any CPU
	EndGlobalSection
	GlobalSection(ProjectConfigurationPlatforms) = postSolution
		{52A59573-C6FC-4D37-AC3F-64A835C740F4}.Debug|Any CPU.ActiveCfg = Debug|Any CPU
		{52A59573-C6FC-4D37-AC3F-64A835C740F4}.Debug|Any CPU.Build.0 = Debug|Any CPU
		{52A59573-C6FC-4D37-AC3F-64A835C740F4}.Release|Any CPU.ActiveCfg = Release|Any CPU
		{52A59573-C6FC-4D37-AC3F-64A835C740F4}.Release|Any CPU.Build.0 = Release|Any CPU
	EndGlobalSection
	GlobalSection(SolutionProperties) = preSolution
		HideSolutionNode = FALSE
	EndGlobalSection
	GlobalSection(ExtensibilityGlobals) = postSolution
		SolutionGuid = {DCAAF7D3-53A4-4480-8B46-576FFC0DC6B0}
	EndGlobalSection
EndGlobal
